
Microsoft Visual Studio Solution File, Format Version 12.00
# Visual Studio Version 17
VisualStudioVersion = 17.0.31903.59
MinimumVisualStudioVersion = 10.0.40219.1
Project("{2150E333-8FDC-42A3-9474-1A3956D46DE8}") = "backend", "backend", "{1AE8ACA6-933B-BF2A-3671-3E2EAC007D16}"
EndProject
Project("{FAE04EC0-301F-11D3-BF4B-00C04F79EFBC}") = "PromptVideo.Api", "backend\PromptVideo.Api\PromptVideo.Api.csproj", "{B3DAD6CA-3B1D-4872-AB2B-CC0533748D17}"
EndProject
Project("{FAE04EC0-301F-11D3-BF4B-00C04F79EFBC}") = "PromptVideo.Api.Tests", "backend\PromptVideo.Api.Tests\PromptVideo.Api.Tests.csproj", "{315BD72E-6D48-4DD3-BF63-102EA6BDC0EF}"
EndProject
Global
	GlobalSection(SolutionConfigurationPlatforms) = preSolution
		Debug|Any CPU = Debug|Any CPU
		Debug|x64 = Debug|x64
		Debug|x86 = Debug|x86
		Release|Any CPU = Release|Any CPU
		Release|x64 = Release|x64
		Release|x86 = Release|x86
	EndGlobalSection
	GlobalSection(ProjectConfigurationPlatforms) = postSolution
		{B3DAD6CA-3B1D-4872-AB2B-CC0533748D17}.Debug|Any CPU.ActiveCfg = Debug|Any CPU
		{B3DAD6CA-3B1D-4872-AB2B-CC0533748D17}.Debug|Any CPU.Build.0 = Debug|Any CPU
		{B3DAD6CA-3B1D-4872-AB2B-CC0533748D17}.Debug|x64.ActiveCfg = Debug|Any CPU
		{B3DAD6CA-3B1D-4872-AB2B-CC0533748D17}.Debug|x64.Build.0 = Debug|Any CPU
		{B3DAD6CA-3B1D-4872-AB2B-CC0533748D17}.Debug|x86.ActiveCfg = Debug|Any CPU
		{B3DAD6CA-3B1D-4872-AB2B-CC0533748D17}.Debug|x86.Build.0 = Debug|Any CPU
		{B3DAD6CA-3B1D-4872-AB2B-CC0533748D17}.Release|Any CPU.ActiveCfg = Release|Any CPU
		{B3DAD6CA-3B1D-4872-AB2B-CC0533748D17}.Release|Any CPU.Build.0 = Release|Any CPU
		{B3DAD6CA-3B1D-4872-AB2B-CC0533748D17}.Release|x64.ActiveCfg = Release|Any CPU
		{B3DAD6CA-3B1D-4872-AB2B-CC0533748D17}.Release|x64.Build.0 = Release|Any CPU
		{B3DAD6CA-3B1D-4872-AB2B-CC0533748D17}.Release|x86.ActiveCfg = Release|Any CPU
		{B3DAD6CA-3B1D-4872-AB2B-CC0533748D17}.Release|x86.Build.0 = Release|Any CPU
		{315BD72E-6D48-4DD3-BF63-102EA6BDC0EF}.Debug|Any CPU.ActiveCfg = Debug|Any CPU
		{315BD72E-6D48-4DD3-BF63-102EA6BDC0EF}.Debug|Any CPU.Build.0 = Debug|Any CPU
		{315BD72E-6D48-4DD3-BF63-102EA6BDC0EF}.Debug|x64.ActiveCfg = Debug|Any CPU
		{315BD72E-6D48-4DD3-BF63-102EA6BDC0EF}.Debug|x64.Build.0 = Debug|Any CPU
		{315BD72E-6D48-4DD3-BF63-102EA6BDC0EF}.Debug|x86.ActiveCfg = Debug|Any CPU
		{315BD72E-6D48-4DD3-BF63-102EA6BDC0EF}.Debug|x86.Build.0 = Debug|Any CPU
		{315BD72E-6D48-4DD3-BF63-102EA6BDC0EF}.Release|Any CPU.ActiveCfg = Release|Any CPU
		{315BD72E-6D48-4DD3-BF63-102EA6BDC0EF}.Release|Any CPU.Build.0 = Release|Any CPU
		{315BD72E-6D48-4DD3-BF63-102EA6BDC0EF}.Release|x64.ActiveCfg = Release|Any CPU
		{315BD72E-6D48-4DD3-BF63-102EA6BDC0EF}.Release|x64.Build.0 = Release|Any CPU
		{315BD72E-6D48-4DD3-BF63-102EA6BDC0EF}.Release|x86.ActiveCfg = Release|Any CPU
		{315BD72E-6D48-4DD3-BF63-102EA6BDC0EF}.Release|x86.Build.0 = Release|Any CPU
	EndGlobalSection
	GlobalSection(SolutionProperties) = preSolution
		HideSolutionNode = FALSE
	EndGlobalSection
	GlobalSection(NestedProjects) = preSolution
		{B3DAD6CA-3B1D-4872-AB2B-CC0533748D17} = {1AE8ACA6-933B-BF2A-3671-3E2EAC007D16}
		{315BD72E-6D48-4DD3-BF63-102EA6BDC0EF} = {1AE8ACA6-933B-BF2A-3671-3E2EAC007D16}
	EndGlobalSection
EndGlobal
